// !$*UTF8*$!
{
	archiveVersion = 1;
	classes = {
	};
	objectVersion = 77;
	objects = {

/* Begin PBXBuildFile section */
		4E5AFD0A2E01EC2F00307D91 /* FirebaseCrashlytics in Frameworks */ = {isa = PBXBuildFile; productRef = 4E5AFD092E01EC2F00307D91 /* FirebaseCrashlytics */; };
		4EA88E822DE49BF2009C920D /* InfoPlist.strings in Resources */ = {isa = PBXBuildFile; fileRef = 4EA88E802DE49BF2009C920D /* InfoPlist.strings */; };
		4EB66FB72D8DE9650042B399 /* Localizable.xcstrings in Resources */ = {isa = PBXBuildFile; fileRef = 4EB66FB62D8DE9650042B399 /* Localizable.xcstrings */; };
		898B14F82CFD5F5800EA200A /* FirebaseAnalytics in Frameworks */ = {isa = PBXBuildFile; productRef = 898B14F72CFD5F5800EA200A /* FirebaseAnalytics */; };
		898B14FA2CFD5F5800EA200A /* FirebaseAnalyticsWithoutAdIdSupport in Frameworks */ = {isa = PBXBuildFile; productRef = 898B14F92CFD5F5800EA200A /* FirebaseAnalyticsWithoutAdIdSupport */; };
		898B159C2CFD8CCD00EA200A /* FirebaseAnalyticsOnDeviceConversion in Frameworks */ = {isa = PBXBuildFile; productRef = 898B159B2CFD8CCD00EA200A /* FirebaseAnalyticsOnDeviceConversion */; };
		89938ADD2D7EC5F800EAD63B /* GoogleMobileAds in Frameworks */ = {isa = PBXBuildFile; productRef = 89938ADC2D7EC5F800EAD63B /* GoogleMobileAds */; };
		89DC209F2D324E0D00C1BD4E /* FirebaseAppCheck in Frameworks */ = {isa = PBXBuildFile; productRef = 89DC209E2D324E0D00C1BD4E /* FirebaseAppCheck */; };
		89DC20A12D324E2D00C1BD4E /* FirebaseStorage in Frameworks */ = {isa = PBXBuildFile; productRef = 89DC20A02D324E2D00C1BD4E /* FirebaseStorage */; };
/* End PBXBuildFile section */

/* Begin PBXContainerItemProxy section */
		89A94AC02CA9B66300824592 /* PBXContainerItemProxy */ = {
			isa = PBXContainerItemProxy;
			containerPortal = 89A94AA72CA9B64C00824592 /* Project object */;
			proxyType = 1;
			remoteGlobalIDString = 89A94AAE2CA9B64C00824592;
			remoteInfo = "2024-MacC-M4-6princess";
		};
		89A94ACA2CA9B66300824592 /* PBXContainerItemProxy */ = {
			isa = PBXContainerItemProxy;
			containerPortal = 89A94AA72CA9B64C00824592 /* Project object */;
			proxyType = 1;
			remoteGlobalIDString = 89A94AAE2CA9B64C00824592;
			remoteInfo = "2024-MacC-M4-6princess";
		};
/* End PBXContainerItemProxy section */

/* Begin PBXFileReference section */
		4EA88E812DE49BF2009C920D /* ko */ = {isa = PBXFileReference; lastKnownFileType = text.plist.strings; name = ko; path = ko.lproj/InfoPlist.strings; sourceTree = "<group>"; };
		4EA88E832DE49C1E009C920D /* ar */ = {isa = PBXFileReference; lastKnownFileType = text.plist.strings; name = ar; path = ar.lproj/InfoPlist.strings; sourceTree = "<group>"; };
		4EA88E842DE49C1F009C920D /* zh-Hans */ = {isa = PBXFileReference; lastKnownFileType = text.plist.strings; name = "zh-Hans"; path = "zh-Hans.lproj/InfoPlist.strings"; sourceTree = "<group>"; };
		4EA88E852DE49C20009C920D /* zh-Hant */ = {isa = PBXFileReference; lastKnownFileType = text.plist.strings; name = "zh-Hant"; path = "zh-Hant.lproj/InfoPlist.strings"; sourceTree = "<group>"; };
		4EA88E872DE49C28009C920D /* en */ = {isa = PBXFileReference; lastKnownFileType = text.plist.strings; name = en; path = en.lproj/InfoPlist.strings; sourceTree = "<group>"; };
		4EA88E882DE49C29009C920D /* ja */ = {isa = PBXFileReference; lastKnownFileType = text.plist.strings; name = ja; path = ja.lproj/InfoPlist.strings; sourceTree = "<group>"; };
		4EB66FB62D8DE9650042B399 /* Localizable.xcstrings */ = {isa = PBXFileReference; lastKnownFileType = text.json.xcstrings; path = Localizable.xcstrings; sourceTree = "<group>"; };
		89A94AAF2CA9B64C00824592 /* 2024-MacC-M4-6princess.app */ = {isa = PBXFileReference; explicitFileType = wrapper.application; includeInIndex = 0; path = "2024-MacC-M4-6princess.app"; sourceTree = BUILT_PRODUCTS_DIR; };
		89A94ABF2CA9B66300824592 /* 2024-MacC-M4-6princessTests.xctest */ = {isa = PBXFileReference; explicitFileType = wrapper.cfbundle; includeInIndex = 0; path = "2024-MacC-M4-6princessTests.xctest"; sourceTree = BUILT_PRODUCTS_DIR; };
		89A94AC92CA9B66300824592 /* 2024-MacC-M4-6princessUITests.xctest */ = {isa = PBXFileReference; explicitFileType = wrapper.cfbundle; includeInIndex = 0; path = "2024-MacC-M4-6princessUITests.xctest"; sourceTree = BUILT_PRODUCTS_DIR; };
/* End PBXFileReference section */

/* Begin PBXFileSystemSynchronizedRootGroup section */
		89A94AB12CA9B64C00824592 /* 2024-MacC-M4-6princess */ = {
			isa = PBXFileSystemSynchronizedRootGroup;
			path = "2024-MacC-M4-6princess";
			sourceTree = "<group>";
		};
/* End PBXFileSystemSynchronizedRootGroup section */

/* Begin PBXFrameworksBuildPhase section */
		89A94AAC2CA9B64C00824592 /* Frameworks */ = {
			isa = PBXFrameworksBuildPhase;
			buildActionMask = 2147483647;
			files = (
				89938ADD2D7EC5F800EAD63B /* GoogleMobileAds in Frameworks */,
				89DC209F2D324E0D00C1BD4E /* FirebaseAppCheck in Frameworks */,
				898B14F82CFD5F5800EA200A /* FirebaseAnalytics in Frameworks */,
				4E5AFD0A2E01EC2F00307D91 /* FirebaseCrashlytics in Frameworks */,
				898B159C2CFD8CCD00EA200A /* FirebaseAnalyticsOnDeviceConversion in Frameworks */,
				89DC20A12D324E2D00C1BD4E /* FirebaseStorage in Frameworks */,
				898B14FA2CFD5F5800EA200A /* FirebaseAnalyticsWithoutAdIdSupport in Frameworks */,
			);
			runOnlyForDeploymentPostprocessing = 0;
		};
		89A94ABC2CA9B66300824592 /* Frameworks */ = {
			isa = PBXFrameworksBuildPhase;
			buildActionMask = 2147483647;
			files = (
			);
			runOnlyForDeploymentPostprocessing = 0;
		};
		89A94AC62CA9B66300824592 /* Frameworks */ = {
			isa = PBXFrameworksBuildPhase;
			buildActionMask = 2147483647;
			files = (
			);
			runOnlyForDeploymentPostprocessing = 0;
		};
/* End PBXFrameworksBuildPhase section */

/* Begin PBXGroup section */
		898B159A2CFD8CCD00EA200A /* Frameworks */ = {
			isa = PBXGroup;
			children = (
			);
			name = Frameworks;
			sourceTree = "<group>";
		};
		89A94AA62CA9B64C00824592 = {
			isa = PBXGroup;
			children = (
				4EA88E802DE49BF2009C920D /* InfoPlist.strings */,
				4EB66FB62D8DE9650042B399 /* Localizable.xcstrings */,
				89A94AB12CA9B64C00824592 /* 2024-MacC-M4-6princess */,
				898B159A2CFD8CCD00EA200A /* Frameworks */,
				89A94AB02CA9B64C00824592 /* Products */,
			);
			sourceTree = "<group>";
		};
		89A94AB02CA9B64C00824592 /* Products */ = {
			isa = PBXGroup;
			children = (
				89A94AAF2CA9B64C00824592 /* 2024-MacC-M4-6princess.app */,
				89A94ABF2CA9B66300824592 /* 2024-MacC-M4-6princessTests.xctest */,
				89A94AC92CA9B66300824592 /* 2024-MacC-M4-6princessUITests.xctest */,
			);
			name = Products;
			sourceTree = "<group>";
		};
/* End PBXGroup section */

/* Begin PBXNativeTarget section */
		89A94AAE2CA9B64C00824592 /* 2024-MacC-M4-6princess */ = {
			isa = PBXNativeTarget;
			buildConfigurationList = 89A94AD32CA9B66300824592 /* Build configuration list for PBXNativeTarget "2024-MacC-M4-6princess" */;
			buildPhases = (
				89A94AAB2CA9B64C00824592 /* Sources */,
				89A94AAC2CA9B64C00824592 /* Frameworks */,
				89A94AAD2CA9B64C00824592 /* Resources */,
			);
			buildRules = (
			);
			dependencies = (
			);
			fileSystemSynchronizedGroups = (
				89A94AB12CA9B64C00824592 /* 2024-MacC-M4-6princess */,
			);
			name = "2024-MacC-M4-6princess";
			packageProductDependencies = (
				898B14F72CFD5F5800EA200A /* FirebaseAnalytics */,
				898B14F92CFD5F5800EA200A /* FirebaseAnalyticsWithoutAdIdSupport */,
				898B159B2CFD8CCD00EA200A /* FirebaseAnalyticsOnDeviceConversion */,
				89DC209E2D324E0D00C1BD4E /* FirebaseAppCheck */,
				89DC20A02D324E2D00C1BD4E /* FirebaseStorage */,
				89938ADC2D7EC5F800EAD63B /* GoogleMobileAds */,
				4E5AFD092E01EC2F00307D91 /* FirebaseCrashlytics */,
			);
			productName = "2024-MacC-M4-6princess";
			productReference = 89A94AAF2CA9B64C00824592 /* 2024-MacC-M4-6princess.app */;
			productType = "com.apple.product-type.application";
		};
		89A94ABE2CA9B66300824592 /* 2024-MacC-M4-6princessTests */ = {
			isa = PBXNativeTarget;
			buildConfigurationList = 89A94AD62CA9B66300824592 /* Build configuration list for PBXNativeTarget "2024-MacC-M4-6princessTests" */;
			buildPhases = (
				89A94ABB2CA9B66300824592 /* Sources */,
				89A94ABC2CA9B66300824592 /* Frameworks */,
				89A94ABD2CA9B66300824592 /* Resources */,
			);
			buildRules = (
			);
			dependencies = (
				89A94AC12CA9B66300824592 /* PBXTargetDependency */,
			);
			name = "2024-MacC-M4-6princessTests";
			packageProductDependencies = (
			);
			productName = "2024-MacC-M4-6princessTests";
			productReference = 89A94ABF2CA9B66300824592 /* 2024-MacC-M4-6princessTests.xctest */;
			productType = "com.apple.product-type.bundle.unit-test";
		};
		89A94AC82CA9B66300824592 /* 2024-MacC-M4-6princessUITests */ = {
			isa = PBXNativeTarget;
			buildConfigurationList = 89A94AD92CA9B66300824592 /* Build configuration list for PBXNativeTarget "2024-MacC-M4-6princessUITests" */;
			buildPhases = (
				89A94AC52CA9B66300824592 /* Sources */,
				89A94AC62CA9B66300824592 /* Frameworks */,
				89A94AC72CA9B66300824592 /* Resources */,
			);
			buildRules = (
			);
			dependencies = (
				89A94ACB2CA9B66300824592 /* PBXTargetDependency */,
			);
			name = "2024-MacC-M4-6princessUITests";
			packageProductDependencies = (
			);
			productName = "2024-MacC-M4-6princessUITests";
			productReference = 89A94AC92CA9B66300824592 /* 2024-MacC-M4-6princessUITests.xctest */;
			productType = "com.apple.product-type.bundle.ui-testing";
		};
/* End PBXNativeTarget section */

/* Begin PBXProject section */
		89A94AA72CA9B64C00824592 /* Project object */ = {
			isa = PBXProject;
			attributes = {
				BuildIndependentTargetsInParallel = 1;
				LastSwiftUpdateCheck = 1600;
				LastUpgradeCheck = 1600;
				TargetAttributes = {
					89A94AAE2CA9B64C00824592 = {
						CreatedOnToolsVersion = 16.0;
					};
					89A94ABE2CA9B66300824592 = {
						CreatedOnToolsVersion = 16.0;
						TestTargetID = 89A94AAE2CA9B64C00824592;
					};
					89A94AC82CA9B66300824592 = {
						CreatedOnToolsVersion = 16.0;
						TestTargetID = 89A94AAE2CA9B64C00824592;
					};
				};
			};
			buildConfigurationList = 89A94AAA2CA9B64C00824592 /* Build configuration list for PBXProject "2024-MacC-M4-6princess" */;
			developmentRegion = ko;
			hasScannedForEncodings = 0;
			knownRegions = (
				ko,
				en,
				ja,
				"zh-Hans",
				ar,
				de,
				Base,
				"zh-Hant",
			);
			mainGroup = 89A94AA62CA9B64C00824592;
			minimizedProjectReferenceProxies = 1;
			packageReferences = (
				898B14F62CFD5F5800EA200A /* XCRemoteSwiftPackageReference "firebase-ios-sdk" */,
				89938ADB2D7EC5F800EAD63B /* XCRemoteSwiftPackageReference "swift-package-manager-google-mobile-ads" */,
			);
			preferredProjectObjectVersion = 77;
			productRefGroup = 89A94AB02CA9B64C00824592 /* Products */;
			projectDirPath = "";
			projectRoot = "";
			targets = (
				89A94AAE2CA9B64C00824592 /* 2024-MacC-M4-6princess */,
				89A94ABE2CA9B66300824592 /* 2024-MacC-M4-6princessTests */,
				89A94AC82CA9B66300824592 /* 2024-MacC-M4-6princessUITests */,
			);
		};
/* End PBXProject section */

/* Begin PBXResourcesBuildPhase section */
		89A94AAD2CA9B64C00824592 /* Resources */ = {
			isa = PBXResourcesBuildPhase;
			buildActionMask = 2147483647;
			files = (
				4EB66FB72D8DE9650042B399 /* Localizable.xcstrings in Resources */,
				4EA88E822DE49BF2009C920D /* InfoPlist.strings in Resources */,
			);
			runOnlyForDeploymentPostprocessing = 0;
		};
		89A94ABD2CA9B66300824592 /* Resources */ = {
			isa = PBXResourcesBuildPhase;
			buildActionMask = 2147483647;
			files = (
			);
			runOnlyForDeploymentPostprocessing = 0;
		};
		89A94AC72CA9B66300824592 /* Resources */ = {
			isa = PBXResourcesBuildPhase;
			buildActionMask = 2147483647;
			files = (
			);
			runOnlyForDeploymentPostprocessing = 0;
		};
/* End PBXResourcesBuildPhase section */

/* Begin PBXSourcesBuildPhase section */
		89A94AAB2CA9B64C00824592 /* Sources */ = {
			isa = PBXSourcesBuildPhase;
			buildActionMask = 2147483647;
			files = (
			);
			runOnlyForDeploymentPostprocessing = 0;
		};
		89A94ABB2CA9B66300824592 /* Sources */ = {
			isa = PBXSourcesBuildPhase;
			buildActionMask = 2147483647;
			files = (
			);
			runOnlyForDeploymentPostprocessing = 0;
		};
		89A94AC52CA9B66300824592 /* Sources */ = {
			isa = PBXSourcesBuildPhase;
			buildActionMask = 2147483647;
			files = (
			);
			runOnlyForDeploymentPostprocessing = 0;
		};
/* End PBXSourcesBuildPhase section */

/* Begin PBXTargetDependency section */
		89A94AC12CA9B66300824592 /* PBXTargetDependency */ = {
			isa = PBXTargetDependency;
			target = 89A94AAE2CA9B64C00824592 /* 2024-MacC-M4-6princess */;
			targetProxy = 89A94AC02CA9B66300824592 /* PBXContainerItemProxy */;
		};
		89A94ACB2CA9B66300824592 /* PBXTargetDependency */ = {
			isa = PBXTargetDependency;
			target = 89A94AAE2CA9B64C00824592 /* 2024-MacC-M4-6princess */;
			targetProxy = 89A94ACA2CA9B66300824592 /* PBXContainerItemProxy */;
		};
/* End PBXTargetDependency section */

/* Begin PBXVariantGroup section */
		4EA88E802DE49BF2009C920D /* InfoPlist.strings */ = {
			isa = PBXVariantGroup;
			children = (
				4EA88E812DE49BF2009C920D /* ko */,
				4EA88E832DE49C1E009C920D /* ar */,
				4EA88E842DE49C1F009C920D /* zh-Hans */,
				4EA88E852DE49C20009C920D /* zh-Hant */,
				4EA88E872DE49C28009C920D /* en */,
				4EA88E882DE49C29009C920D /* ja */,
			);
			name = InfoPlist.strings;
			sourceTree = "<group>";
		};
/* End PBXVariantGroup section */

/* Begin XCBuildConfiguration section */
		89A94AD12CA9B66300824592 /* Debug */ = {
			isa = XCBuildConfiguration;
			buildSettings = {
				ALWAYS_SEARCH_USER_PATHS = NO;
				ASSETCATALOG_COMPILER_GENERATE_SWIFT_ASSET_SYMBOL_EXTENSIONS = YES;
				CLANG_ANALYZER_NONNULL = YES;
				CLANG_ANALYZER_NUMBER_OBJECT_CONVERSION = YES_AGGRESSIVE;
				CLANG_CXX_LANGUAGE_STANDARD = "gnu++20";
				CLANG_ENABLE_MODULES = YES;
				CLANG_ENABLE_OBJC_ARC = YES;
				CLANG_ENABLE_OBJC_WEAK = YES;
				CLANG_WARN_BLOCK_CAPTURE_AUTORELEASING = YES;
				CLANG_WARN_BOOL_CONVERSION = YES;
				CLANG_WARN_COMMA = YES;
				CLANG_WARN_CONSTANT_CONVERSION = YES;
				CLANG_WARN_DEPRECATED_OBJC_IMPLEMENTATIONS = YES;
				CLANG_WARN_DIRECT_OBJC_ISA_USAGE = YES_ERROR;
				CLANG_WARN_DOCUMENTATION_COMMENTS = YES;
				CLANG_WARN_EMPTY_BODY = YES;
				CLANG_WARN_ENUM_CONVERSION = YES;
				CLANG_WARN_INFINITE_RECURSION = YES;
				CLANG_WARN_INT_CONVERSION = YES;
				CLANG_WARN_NON_LITERAL_NULL_CONVERSION = YES;
				CLANG_WARN_OBJC_IMPLICIT_RETAIN_SELF = YES;
				CLANG_WARN_OBJC_LITERAL_CONVERSION = YES;
				CLANG_WARN_OBJC_ROOT_CLASS = YES_ERROR;
				CLANG_WARN_QUOTED_INCLUDE_IN_FRAMEWORK_HEADER = YES;
				CLANG_WARN_RANGE_LOOP_ANALYSIS = YES;
				CLANG_WARN_STRICT_PROTOTYPES = YES;
				CLANG_WARN_SUSPICIOUS_MOVE = YES;
				CLANG_WARN_UNGUARDED_AVAILABILITY = YES_AGGRESSIVE;
				CLANG_WARN_UNREACHABLE_CODE = YES;
				CLANG_WARN__DUPLICATE_METHOD_MATCH = YES;
				COPY_PHASE_STRIP = NO;
				DEBUG_INFORMATION_FORMAT = dwarf;
				ENABLE_STRICT_OBJC_MSGSEND = YES;
				ENABLE_TESTABILITY = YES;
				ENABLE_USER_SCRIPT_SANDBOXING = YES;
				GCC_C_LANGUAGE_STANDARD = gnu17;
				GCC_DYNAMIC_NO_PIC = NO;
				GCC_NO_COMMON_BLOCKS = YES;
				GCC_OPTIMIZATION_LEVEL = 0;
				GCC_PREPROCESSOR_DEFINITIONS = (
					"DEBUG=1",
					"$(inherited)",
				);
				GCC_WARN_64_TO_32_BIT_CONVERSION = YES;
				GCC_WARN_ABOUT_RETURN_TYPE = YES_ERROR;
				GCC_WARN_UNDECLARED_SELECTOR = YES;
				GCC_WARN_UNINITIALIZED_AUTOS = YES_AGGRESSIVE;
				GCC_WARN_UNUSED_FUNCTION = YES;
				GCC_WARN_UNUSED_VARIABLE = YES;
				IPHONEOS_DEPLOYMENT_TARGET = 17.6;
				LOCALIZATION_PREFERS_STRING_CATALOGS = YES;
				MTL_ENABLE_DEBUG_INFO = INCLUDE_SOURCE;
				MTL_FAST_MATH = YES;
				ONLY_ACTIVE_ARCH = YES;
				SDKROOT = iphoneos;
				SWIFT_ACTIVE_COMPILATION_CONDITIONS = "DEBUG $(inherited)";
				SWIFT_EMIT_LOC_STRINGS = YES;
				SWIFT_OPTIMIZATION_LEVEL = "-Onone";
			};
			name = Debug;
		};
		89A94AD22CA9B66300824592 /* Release */ = {
			isa = XCBuildConfiguration;
			buildSettings = {
				ALWAYS_SEARCH_USER_PATHS = NO;
				ASSETCATALOG_COMPILER_GENERATE_SWIFT_ASSET_SYMBOL_EXTENSIONS = YES;
				CLANG_ANALYZER_NONNULL = YES;
				CLANG_ANALYZER_NUMBER_OBJECT_CONVERSION = YES_AGGRESSIVE;
				CLANG_CXX_LANGUAGE_STANDARD = "gnu++20";
				CLANG_ENABLE_MODULES = YES;
				CLANG_ENABLE_OBJC_ARC = YES;
				CLANG_ENABLE_OBJC_WEAK = YES;
				CLANG_WARN_BLOCK_CAPTURE_AUTORELEASING = YES;
				CLANG_WARN_BOOL_CONVERSION = YES;
				CLANG_WARN_COMMA = YES;
				CLANG_WARN_CONSTANT_CONVERSION = YES;
				CLANG_WARN_DEPRECATED_OBJC_IMPLEMENTATIONS = YES;
				CLANG_WARN_DIRECT_OBJC_ISA_USAGE = YES_ERROR;
				CLANG_WARN_DOCUMENTATION_COMMENTS = YES;
				CLANG_WARN_EMPTY_BODY = YES;
				CLANG_WARN_ENUM_CONVERSION = YES;
				CLANG_WARN_INFINITE_RECURSION = YES;
				CLANG_WARN_INT_CONVERSION = YES;
				CLANG_WARN_NON_LITERAL_NULL_CONVERSION = YES;
				CLANG_WARN_OBJC_IMPLICIT_RETAIN_SELF = YES;
				CLANG_WARN_OBJC_LITERAL_CONVERSION = YES;
				CLANG_WARN_OBJC_ROOT_CLASS = YES_ERROR;
				CLANG_WARN_QUOTED_INCLUDE_IN_FRAMEWORK_HEADER = YES;
				CLANG_WARN_RANGE_LOOP_ANALYSIS = YES;
				CLANG_WARN_STRICT_PROTOTYPES = YES;
				CLANG_WARN_SUSPICIOUS_MOVE = YES;
				CLANG_WARN_UNGUARDED_AVAILABILITY = YES_AGGRESSIVE;
				CLANG_WARN_UNREACHABLE_CODE = YES;
				CLANG_WARN__DUPLICATE_METHOD_MATCH = YES;
				COPY_PHASE_STRIP = NO;
				DEBUG_INFORMATION_FORMAT = "dwarf-with-dsym";
				ENABLE_NS_ASSERTIONS = NO;
				ENABLE_STRICT_OBJC_MSGSEND = YES;
				ENABLE_USER_SCRIPT_SANDBOXING = YES;
				GCC_C_LANGUAGE_STANDARD = gnu17;
				GCC_NO_COMMON_BLOCKS = YES;
				GCC_WARN_64_TO_32_BIT_CONVERSION = YES;
				GCC_WARN_ABOUT_RETURN_TYPE = YES_ERROR;
				GCC_WARN_UNDECLARED_SELECTOR = YES;
				GCC_WARN_UNINITIALIZED_AUTOS = YES_AGGRESSIVE;
				GCC_WARN_UNUSED_FUNCTION = YES;
				GCC_WARN_UNUSED_VARIABLE = YES;
				IPHONEOS_DEPLOYMENT_TARGET = 17.6;
				LOCALIZATION_PREFERS_STRING_CATALOGS = YES;
				MTL_ENABLE_DEBUG_INFO = NO;
				MTL_FAST_MATH = YES;
				SDKROOT = iphoneos;
				SWIFT_COMPILATION_MODE = wholemodule;
				SWIFT_EMIT_LOC_STRINGS = YES;
				VALIDATE_PRODUCT = YES;
			};
			name = Release;
		};
		89A94AD42CA9B66300824592 /* Debug */ = {
			isa = XCBuildConfiguration;
			buildSettings = {
				ASSETCATALOG_COMPILER_APPICON_NAME = AppIcon;
				ASSETCATALOG_COMPILER_GLOBAL_ACCENT_COLOR_NAME = AccentColor;
				CODE_SIGN_STYLE = Automatic;
				CURRENT_PROJECT_VERSION = 1;
				DEBUG_INFORMATION_FORMAT = "dwarf-with-dsym";
				DEVELOPMENT_ASSET_PATHS = "\"2024-MacC-M4-6princess/Preview Content\"";
				DEVELOPMENT_TEAM = KB52T46C6D;
				ENABLE_PREVIEWS = YES;
				GENERATE_INFOPLIST_FILE = YES;
				INFOPLIST_FILE = "-024-MacC-M4-6princess-Info.plist";
				INFOPLIST_KEY_CFBundleDisplayName = Frameet;
				INFOPLIST_KEY_ITSAppUsesNonExemptEncryption = NO;
				INFOPLIST_KEY_LSApplicationCategoryType = "public.app-category.photography";
				INFOPLIST_KEY_NSCameraUsageDescription = "앱을 사용하려면 카메라 권한이 필요합니다.";
				INFOPLIST_KEY_NSPhotoLibraryUsageDescription = "앱을 사용하려면 앨범 권한이 필요합니다.";
				INFOPLIST_KEY_UIApplicationSceneManifest_Generation = YES;
				INFOPLIST_KEY_UIApplicationSupportsIndirectInputEvents = YES;
				INFOPLIST_KEY_UILaunchScreen_Generation = YES;
				INFOPLIST_KEY_UIRequiresFullScreen = YES;
				INFOPLIST_KEY_UIStatusBarStyle = "";
				INFOPLIST_KEY_UISupportedInterfaceOrientations_iPad = UIInterfaceOrientationPortrait;
				INFOPLIST_KEY_UIUserInterfaceStyle = Light;
				IPHONEOS_DEPLOYMENT_TARGET = 17.0;
				LD_RUNPATH_SEARCH_PATHS = (
					"$(inherited)",
					"@executable_path/Frameworks",
				);
				MARKETING_VERSION = 2.0.8;
				PRODUCT_BUNDLE_IDENTIFIER = sixPrincess.release.com;
				PRODUCT_NAME = "$(TARGET_NAME)";
				SUPPORTED_PLATFORMS = "iphoneos iphonesimulator";
				SUPPORTS_MACCATALYST = NO;
				SUPPORTS_MAC_DESIGNED_FOR_IPHONE_IPAD = NO;
				SUPPORTS_XR_DESIGNED_FOR_IPHONE_IPAD = NO;
				SWIFT_EMIT_LOC_STRINGS = YES;
				SWIFT_VERSION = 5.0;
				TARGETED_DEVICE_FAMILY = 1;
			};
			name = Debug;
		};
		89A94AD52CA9B66300824592 /* Release */ = {
			isa = XCBuildConfiguration;
			buildSettings = {
				ASSETCATALOG_COMPILER_APPICON_NAME = AppIcon;
				ASSETCATALOG_COMPILER_GLOBAL_ACCENT_COLOR_NAME = AccentColor;
				CODE_SIGN_STYLE = Automatic;
				CURRENT_PROJECT_VERSION = 1;
				DEVELOPMENT_ASSET_PATHS = "\"2024-MacC-M4-6princess/Preview Content\"";
				DEVELOPMENT_TEAM = KB52T46C6D;
				ENABLE_PREVIEWS = YES;
				GENERATE_INFOPLIST_FILE = YES;
				INFOPLIST_FILE = "-024-MacC-M4-6princess-Info.plist";
				INFOPLIST_KEY_CFBundleDisplayName = Frameet;
				INFOPLIST_KEY_ITSAppUsesNonExemptEncryption = NO;
				INFOPLIST_KEY_LSApplicationCategoryType = "public.app-category.photography";
				INFOPLIST_KEY_NSCameraUsageDescription = "앱을 사용하려면 카메라 권한이 필요합니다.";
				INFOPLIST_KEY_NSPhotoLibraryUsageDescription = "앱을 사용하려면 앨범 권한이 필요합니다.";
				INFOPLIST_KEY_UIApplicationSceneManifest_Generation = YES;
				INFOPLIST_KEY_UIApplicationSupportsIndirectInputEvents = YES;
				INFOPLIST_KEY_UILaunchScreen_Generation = YES;
				INFOPLIST_KEY_UIRequiresFullScreen = YES;
				INFOPLIST_KEY_UIStatusBarStyle = "";
				INFOPLIST_KEY_UISupportedInterfaceOrientations_iPad = UIInterfaceOrientationPortrait;
				INFOPLIST_KEY_UIUserInterfaceStyle = Light;
				IPHONEOS_DEPLOYMENT_TARGET = 17.0;
				LD_RUNPATH_SEARCH_PATHS = (
					"$(inherited)",
					"@executable_path/Frameworks",
				);
				MARKETING_VERSION = 2.0.8;
				PRODUCT_BUNDLE_IDENTIFIER = sixPrincess.release.com;
				PRODUCT_NAME = "$(TARGET_NAME)";
				SUPPORTED_PLATFORMS = "iphoneos iphonesimulator";
				SUPPORTS_MACCATALYST = NO;
				SUPPORTS_MAC_DESIGNED_FOR_IPHONE_IPAD = NO;
				SUPPORTS_XR_DESIGNED_FOR_IPHONE_IPAD = NO;
				SWIFT_EMIT_LOC_STRINGS = YES;
				SWIFT_VERSION = 5.0;
				TARGETED_DEVICE_FAMILY = 1;
			};
			name = Release;
		};
		89A94AD72CA9B66300824592 /* Debug */ = {
			isa = XCBuildConfiguration;
			buildSettings = {
				BUNDLE_LOADER = "$(TEST_HOST)";
				CODE_SIGN_STYLE = Automatic;
				CURRENT_PROJECT_VERSION = 1;
				DEVELOPMENT_TEAM = KB52T46C6D;
				GENERATE_INFOPLIST_FILE = YES;
				IPHONEOS_DEPLOYMENT_TARGET = 17.0;
				MARKETING_VERSION = 1.0;
				PRODUCT_BUNDLE_IDENTIFIER = "LeeYeeun-Kim.-024-MacC-M4-6princessTests";
				PRODUCT_NAME = "$(TARGET_NAME)";
				SUPPORTED_PLATFORMS = "iphoneos iphonesimulator";
				SUPPORTS_MACCATALYST = NO;
				SUPPORTS_MAC_DESIGNED_FOR_IPHONE_IPAD = NO;
				SUPPORTS_XR_DESIGNED_FOR_IPHONE_IPAD = NO;
				SWIFT_EMIT_LOC_STRINGS = NO;
				SWIFT_VERSION = 5.0;
				TARGETED_DEVICE_FAMILY = 1;
				TEST_HOST = "$(BUILT_PRODUCTS_DIR)/2024-MacC-M4-6princess.app/$(BUNDLE_EXECUTABLE_FOLDER_PATH)/2024-MacC-M4-6princess";
			};
			name = Debug;
		};
		89A94AD82CA9B66300824592 /* Release */ = {
			isa = XCBuildConfiguration;
			buildSettings = {
				BUNDLE_LOADER = "$(TEST_HOST)";
				CODE_SIGN_STYLE = Automatic;
				CURRENT_PROJECT_VERSION = 1;
				DEVELOPMENT_TEAM = KB52T46C6D;
				GENERATE_INFOPLIST_FILE = YES;
				IPHONEOS_DEPLOYMENT_TARGET = 17.0;
				MARKETING_VERSION = 1.0;
				PRODUCT_BUNDLE_IDENTIFIER = "LeeYeeun-Kim.-024-MacC-M4-6princessTests";
				PRODUCT_NAME = "$(TARGET_NAME)";
				SUPPORTED_PLATFORMS = "iphoneos iphonesimulator";
				SUPPORTS_MACCATALYST = NO;
				SUPPORTS_MAC_DESIGNED_FOR_IPHONE_IPAD = NO;
				SUPPORTS_XR_DESIGNED_FOR_IPHONE_IPAD = NO;
				SWIFT_EMIT_LOC_STRINGS = NO;
				SWIFT_VERSION = 5.0;
				TARGETED_DEVICE_FAMILY = 1;
				TEST_HOST = "$(BUILT_PRODUCTS_DIR)/2024-MacC-M4-6princess.app/$(BUNDLE_EXECUTABLE_FOLDER_PATH)/2024-MacC-M4-6princess";
			};
			name = Release;
		};
		89A94ADA2CA9B66300824592 /* Debug */ = {
			isa = XCBuildConfiguration;
			buildSettings = {
				CODE_SIGN_STYLE = Automatic;
				CURRENT_PROJECT_VERSION = 1;
				DEVELOPMENT_TEAM = KB52T46C6D;
				GENERATE_INFOPLIST_FILE = YES;
				IPHONEOS_DEPLOYMENT_TARGET = 17.0;
				MARKETING_VERSION = 1.0;
				PRODUCT_BUNDLE_IDENTIFIER = "LeeYeeun-Kim.-024-MacC-M4-6princessUITests";
				PRODUCT_NAME = "$(TARGET_NAME)";
				SUPPORTED_PLATFORMS = "iphoneos iphonesimulator";
				SUPPORTS_MACCATALYST = NO;
				SUPPORTS_MAC_DESIGNED_FOR_IPHONE_IPAD = NO;
				SUPPORTS_XR_DESIGNED_FOR_IPHONE_IPAD = NO;
				SWIFT_EMIT_LOC_STRINGS = NO;
				SWIFT_VERSION = 5.0;
				TARGETED_DEVICE_FAMILY = 1;
				TEST_TARGET_NAME = "2024-MacC-M4-6princess";
			};
			name = Debug;
		};
		89A94ADB2CA9B66300824592 /* Release */ = {
			isa = XCBuildConfiguration;
			buildSettings = {
				CODE_SIGN_STYLE = Automatic;
				CURRENT_PROJECT_VERSION = 1;
				DEVELOPMENT_TEAM = KB52T46C6D;
				GENERATE_INFOPLIST_FILE = YES;
				IPHONEOS_DEPLOYMENT_TARGET = 17.0;
				MARKETING_VERSION = 1.0;
				PRODUCT_BUNDLE_IDENTIFIER = "LeeYeeun-Kim.-024-MacC-M4-6princessUITests";
				PRODUCT_NAME = "$(TARGET_NAME)";
				SUPPORTED_PLATFORMS = "iphoneos iphonesimulator";
				SUPPORTS_MACCATALYST = NO;
				SUPPORTS_MAC_DESIGNED_FOR_IPHONE_IPAD = NO;
				SUPPORTS_XR_DESIGNED_FOR_IPHONE_IPAD = NO;
				SWIFT_EMIT_LOC_STRINGS = NO;
				SWIFT_VERSION = 5.0;
				TARGETED_DEVICE_FAMILY = 1;
				TEST_TARGET_NAME = "2024-MacC-M4-6princess";
			};
			name = Release;
		};
/* End XCBuildConfiguration section */

/* Begin XCConfigurationList section */
		89A94AAA2CA9B64C00824592 /* Build configuration list for PBXProject "2024-MacC-M4-6princess" */ = {
			isa = XCConfigurationList;
			buildConfigurations = (
				89A94AD12CA9B66300824592 /* Debug */,
				89A94AD22CA9B66300824592 /* Release */,
			);
			defaultConfigurationIsVisible = 0;
			defaultConfigurationName = Release;
		};
		89A94AD32CA9B66300824592 /* Build configuration list for PBXNativeTarget "2024-MacC-M4-6princess" */ = {
			isa = XCConfigurationList;
			buildConfigurations = (
				89A94AD42CA9B66300824592 /* Debug */,
				89A94AD52CA9B66300824592 /* Release */,
			);
			defaultConfigurationIsVisible = 0;
			defaultConfigurationName = Release;
		};
		89A94AD62CA9B66300824592 /* Build configuration list for PBXNativeTarget "2024-MacC-M4-6princessTests" */ = {
			isa = XCConfigurationList;
			buildConfigurations = (
				89A94AD72CA9B66300824592 /* Debug */,
				89A94AD82CA9B66300824592 /* Release */,
			);
			defaultConfigurationIsVisible = 0;
			defaultConfigurationName = Release;
		};
		89A94AD92CA9B66300824592 /* Build configuration list for PBXNativeTarget "2024-MacC-M4-6princessUITests" */ = {
			isa = XCConfigurationList;
			buildConfigurations = (
				89A94ADA2CA9B66300824592 /* Debug */,
				89A94ADB2CA9B66300824592 /* Release */,
			);
			defaultConfigurationIsVisible = 0;
			defaultConfigurationName = Release;
		};
/* End XCConfigurationList section */

/* Begin XCRemoteSwiftPackageReference section */
		898B14F62CFD5F5800EA200A /* XCRemoteSwiftPackageReference "firebase-ios-sdk" */ = {
			isa = XCRemoteSwiftPackageReference;
			repositoryURL = "https://github.com/firebase/firebase-ios-sdk";
			requirement = {
				kind = upToNextMajorVersion;
				minimumVersion = 11.5.0;
			};
		};
		89938ADB2D7EC5F800EAD63B /* XCRemoteSwiftPackageReference "swift-package-manager-google-mobile-ads" */ = {
			isa = XCRemoteSwiftPackageReference;
			repositoryURL = "https://github.com/googleads/swift-package-manager-google-mobile-ads.git";
			requirement = {
				kind = upToNextMajorVersion;
				minimumVersion = 12.1.0;
			};
		};
/* End XCRemoteSwiftPackageReference section */

/* Begin XCSwiftPackageProductDependency section */
		4E5AFD092E01EC2F00307D91 /* FirebaseCrashlytics */ = {
			isa = XCSwiftPackageProductDependency;
			package = 898B14F62CFD5F5800EA200A /* XCRemoteSwiftPackageReference "firebase-ios-sdk" */;
			productName = FirebaseCrashlytics;
		};
		898B14F72CFD5F5800EA200A /* FirebaseAnalytics */ = {
			isa = XCSwiftPackageProductDependency;
			package = 898B14F62CFD5F5800EA200A /* XCRemoteSwiftPackageReference "firebase-ios-sdk" */;
			productName = FirebaseAnalytics;
		};
		898B14F92CFD5F5800EA200A /* FirebaseAnalyticsWithoutAdIdSupport */ = {
			isa = XCSwiftPackageProductDependency;
			package = 898B14F62CFD5F5800EA200A /* XCRemoteSwiftPackageReference "firebase-ios-sdk" */;
			productName = FirebaseAnalyticsWithoutAdIdSupport;
		};
		898B159B2CFD8CCD00EA200A /* FirebaseAnalyticsOnDeviceConversion */ = {
			isa = XCSwiftPackageProductDependency;
			package = 898B14F62CFD5F5800EA200A /* XCRemoteSwiftPackageReference "firebase-ios-sdk" */;
			productName = FirebaseAnalyticsOnDeviceConversion;
		};
		89938ADC2D7EC5F800EAD63B /* GoogleMobileAds */ = {
			isa = XCSwiftPackageProductDependency;
			package = 89938ADB2D7EC5F800EAD63B /* XCRemoteSwiftPackageReference "swift-package-manager-google-mobile-ads" */;
			productName = GoogleMobileAds;
		};
		89DC209E2D324E0D00C1BD4E /* FirebaseAppCheck */ = {
			isa = XCSwiftPackageProductDependency;
			package = 898B14F62CFD5F5800EA200A /* XCRemoteSwiftPackageReference "firebase-ios-sdk" */;
			productName = FirebaseAppCheck;
		};
		89DC20A02D324E2D00C1BD4E /* FirebaseStorage */ = {
			isa = XCSwiftPackageProductDependency;
			package = 898B14F62CFD5F5800EA200A /* XCRemoteSwiftPackageReference "firebase-ios-sdk" */;
			productName = FirebaseStorage;
		};
/* End XCSwiftPackageProductDependency section */
	};
	rootObject = 89A94AA72CA9B64C00824592 /* Project object */;
}
